
Microsoft Visual Studio Solution File, Format Version 12.00
# Visual Studio Version 16
VisualStudioVersion = 16.0.32002.261
MinimumVisualStudioVersion = 10.0.40219.1
Project("{FAE04EC0-301F-11D3-BF4B-00C04F79EFBC}") = "GitFun", "GitFun\GitFun.csproj", "{1AD6C9A0-D991-4F37-81DA-824B21A9849D}"
EndProject
Global
	GlobalSection(SolutionConfigurationPlatforms) = preSolution
		Debug|Any CPU = Debug|Any CPU
		Release|Any CPU = Release|Any CPU
	EndGlobalSection
	GlobalSection(ProjectConfigurationPlatforms) = postSolution
		{1AD6C9A0-D991-4F37-81DA-824B21A9849D}.Debug|Any CPU.ActiveCfg = Debug|Any CPU
		{1AD6C9A0-D991-4F37-81DA-824B21A9849D}.Debug|Any CPU.Build.0 = Debug|Any CPU
		{1AD6C9A0-D991-4F37-81DA-824B21A9849D}.Release|Any CPU.ActiveCfg = Release|Any CPU
		{1AD6C9A0-D991-4F37-81DA-824B21A9849D}.Release|Any CPU.Build.0 = Release|Any CPU
	EndGlobalSection
	GlobalSection(SolutionProperties) = preSolution
		HideSolutionNode = FALSE
	EndGlobalSection
	GlobalSection(ExtensibilityGlobals) = postSolution
		SolutionGuid = {B00D4963-4EDD-4AD2-8160-C9F78F9E18CB}
	EndGlobalSection
EndGlobal
